
Microsoft Visual Studio Solution File, Format Version 12.00
# Visual Studio Version 16
VisualStudioVersion = 16.0.30104.148
MinimumVisualStudioVersion = 10.0.40219.1
Project("{FAE04EC0-301F-11D3-BF4B-00C04F79EFBC}") = "B14", "B14\B14.csproj", "{603BBAD3-8618-4801-8C56-C6DA9367EDC0}"
EndProject
Global
	GlobalSection(SolutionConfigurationPlatforms) = preSolution
		Debug|Any CPU = Debug|Any CPU
		Release|Any CPU = Release|Any CPU
	EndGlobalSection
	GlobalSection(ProjectConfigurationPlatforms) = postSolution
		{603BBAD3-8618-4801-8C56-C6DA9367EDC0}.Debug|Any CPU.ActiveCfg = Debug|Any CPU
		{603BBAD3-8618-4801-8C56-C6DA9367EDC0}.Debug|Any CPU.Build.0 = Debug|Any CPU
		{603BBAD3-8618-4801-8C56-C6DA9367EDC0}.Release|Any CPU.ActiveCfg = Release|Any CPU
		{603BBAD3-8618-4801-8C56-C6DA9367EDC0}.Release|Any CPU.Build.0 = Release|Any CPU
	EndGlobalSection
	GlobalSection(SolutionProperties) = preSolution
		HideSolutionNode = FALSE
	EndGlobalSection
	GlobalSection(ExtensibilityGlobals) = postSolution
		SolutionGuid = {903F1DEE-C8FF-4C50-8E12-B7C26C4FECC9}
	EndGlobalSection
EndGlobal
